// !$*UTF8*$!
{
	archiveVersion = 1;
	classes = {
	};
	objectVersion = 46;
	objects = {

/* Begin PBXBuildFile section */
		2DA279650118743820FE14E7 /* Pods_Momocha.framework in Frameworks */ = {isa = PBXBuildFile; fileRef = ECCCE102A38B81AEF3DCCF6B /* Pods_Momocha.framework */; };
		5ED399C71E67B68A005BE061 /* AppDelegate.swift in Sources */ = {isa = PBXBuildFile; fileRef = 5ED399C61E67B68A005BE061 /* AppDelegate.swift */; };
		5ED399C91E67B68A005BE061 /* ViewController.swift in Sources */ = {isa = PBXBuildFile; fileRef = 5ED399C81E67B68A005BE061 /* ViewController.swift */; };
		5ED399CC1E67B68A005BE061 /* Main.storyboard in Resources */ = {isa = PBXBuildFile; fileRef = 5ED399CA1E67B68A005BE061 /* Main.storyboard */; };
		5ED399CE1E67B68A005BE061 /* Assets.xcassets in Resources */ = {isa = PBXBuildFile; fileRef = 5ED399CD1E67B68A005BE061 /* Assets.xcassets */; };
		5ED399D11E67B68A005BE061 /* LaunchScreen.storyboard in Resources */ = {isa = PBXBuildFile; fileRef = 5ED399CF1E67B68A005BE061 /* LaunchScreen.storyboard */; };
/* End PBXBuildFile section */

/* Begin PBXFileReference section */
		5CCB59AE9ABE46CA2D4D23D2 /* Pods-Momocha.release.xcconfig */ = {isa = PBXFileReference; includeInIndex = 1; lastKnownFileType = text.xcconfig; name = "Pods-Momocha.release.xcconfig"; path = "Pods/Target Support Files/Pods-Momocha/Pods-Momocha.release.xcconfig"; sourceTree = "<group>"; };
		5ED399C31E67B68A005BE061 /* Momocha.app */ = {isa = PBXFileReference; explicitFileType = wrapper.application; includeInIndex = 0; path = Momocha.app; sourceTree = BUILT_PRODUCTS_DIR; };
		5ED399C61E67B68A005BE061 /* AppDelegate.swift */ = {isa = PBXFileReference; lastKnownFileType = sourcecode.swift; path = AppDelegate.swift; sourceTree = "<group>"; };
		5ED399C81E67B68A005BE061 /* ViewController.swift */ = {isa = PBXFileReference; lastKnownFileType = sourcecode.swift; path = ViewController.swift; sourceTree = "<group>"; };
		5ED399CB1E67B68A005BE061 /* Base */ = {isa = PBXFileReference; lastKnownFileType = file.storyboard; name = Base; path = Base.lproj/Main.storyboard; sourceTree = "<group>"; };
		5ED399CD1E67B68A005BE061 /* Assets.xcassets */ = {isa = PBXFileReference; lastKnownFileType = folder.assetcatalog; path = Assets.xcassets; sourceTree = "<group>"; };
		5ED399D01E67B68A005BE061 /* Base */ = {isa = PBXFileReference; lastKnownFileType = file.storyboard; name = Base; path = Base.lproj/LaunchScreen.storyboard; sourceTree = "<group>"; };
		5ED399D21E67B68A005BE061 /* Info.plist */ = {isa = PBXFileReference; lastKnownFileType = text.plist.xml; path = Info.plist; sourceTree = "<group>"; };
		DF2B39A4276D2FF606BE3292 /* Pods-Momocha.debug.xcconfig */ = {isa = PBXFileReference; includeInIndex = 1; lastKnownFileType = text.xcconfig; name = "Pods-Momocha.debug.xcconfig"; path = "Pods/Target Support Files/Pods-Momocha/Pods-Momocha.debug.xcconfig"; sourceTree = "<group>"; };
		ECCCE102A38B81AEF3DCCF6B /* Pods_Momocha.framework */ = {isa = PBXFileReference; explicitFileType = wrapper.framework; includeInIndex = 0; path = Pods_Momocha.framework; sourceTree = BUILT_PRODUCTS_DIR; };
/* End PBXFileReference section */

/* Begin PBXFrameworksBuildPhase section */
		5ED399C01E67B68A005BE061 /* Frameworks */ = {
			isa = PBXFrameworksBuildPhase;
			buildActionMask = 2147483647;
			files = (
				2DA279650118743820FE14E7 /* Pods_Momocha.framework in Frameworks */,
			);
			runOnlyForDeploymentPostprocessing = 0;
		};
/* End PBXFrameworksBuildPhase section */

/* Begin PBXGroup section */
		541711DFD7CD5A2E542662D8 /* Frameworks */ = {
			isa = PBXGroup;
			children = (
				ECCCE102A38B81AEF3DCCF6B /* Pods_Momocha.framework */,
			);
			name = Frameworks;
			sourceTree = "<group>";
		};
		5ED399BA1E67B68A005BE061 = {
			isa = PBXGroup;
			children = (
				5ED399C51E67B68A005BE061 /* Momocha */,
				5ED399C41E67B68A005BE061 /* Products */,
				78D27F3FC1DBFADE94C872F6 /* Pods */,
				541711DFD7CD5A2E542662D8 /* Frameworks */,
			);
			sourceTree = "<group>";
		};
		5ED399C41E67B68A005BE061 /* Products */ = {
			isa = PBXGroup;
			children = (
				5ED399C31E67B68A005BE061 /* Momocha.app */,
			);
			name = Products;
			sourceTree = "<group>";
		};
		5ED399C51E67B68A005BE061 /* Momocha */ = {
			isa = PBXGroup;
			children = (
				5ED399C61E67B68A005BE061 /* AppDelegate.swift */,
				5ED399C81E67B68A005BE061 /* ViewController.swift */,
				5ED399CA1E67B68A005BE061 /* Main.storyboard */,
				5ED399CD1E67B68A005BE061 /* Assets.xcassets */,
				5ED399CF1E67B68A005BE061 /* LaunchScreen.storyboard */,
				5ED399D21E67B68A005BE061 /* Info.plist */,
			);
			path = Momocha;
			sourceTree = "<group>";
		};
		78D27F3FC1DBFADE94C872F6 /* Pods */ = {
			isa = PBXGroup;
			children = (
				DF2B39A4276D2FF606BE3292 /* Pods-Momocha.debug.xcconfig */,
				5CCB59AE9ABE46CA2D4D23D2 /* Pods-Momocha.release.xcconfig */,
			);
			name = Pods;
			sourceTree = "<group>";
		};
/* End PBXGroup section */

/* Begin PBXNativeTarget section */
		5ED399C21E67B68A005BE061 /* Momocha */ = {
			isa = PBXNativeTarget;
			buildConfigurationList = 5ED399D51E67B68A005BE061 /* Build configuration list for PBXNativeTarget "Momocha" */;
			buildPhases = (
				87DFCD7AE91E20739E3C6507 /* [CP] Check Pods Manifest.lock */,
				5ED399BF1E67B68A005BE061 /* Sources */,
				5ED399C01E67B68A005BE061 /* Frameworks */,
				5ED399C11E67B68A005BE061 /* Resources */,
				738037FA618B9C167D9F997C /* [CP] Embed Pods Frameworks */,
				8E484ECB704C87CDF88C4360 /* [CP] Copy Pods Resources */,
			);
			buildRules = (
			);
			dependencies = (
			);
			name = Momocha;
			productName = Momocha;
			productReference = 5ED399C31E67B68A005BE061 /* Momocha.app */;
			productType = "com.apple.product-type.application";
		};
/* End PBXNativeTarget section */

/* Begin PBXProject section */
		5ED399BB1E67B68A005BE061 /* Project object */ = {
			isa = PBXProject;
			attributes = {
				LastSwiftUpdateCheck = 0820;
				LastUpgradeCheck = 0820;
				ORGANIZATIONNAME = keema;
				TargetAttributes = {
					5ED399C21E67B68A005BE061 = {
						CreatedOnToolsVersion = 8.2.1;
						DevelopmentTeam = K86KHC28SR;
						ProvisioningStyle = Automatic;
					};
				};
			};
			buildConfigurationList = 5ED399BE1E67B68A005BE061 /* Build configuration list for PBXProject "Momocha" */;
			compatibilityVersion = "Xcode 3.2";
			developmentRegion = English;
			hasScannedForEncodings = 0;
			knownRegions = (
				en,
				Base,
			);
			mainGroup = 5ED399BA1E67B68A005BE061;
			productRefGroup = 5ED399C41E67B68A005BE061 /* Products */;
			projectDirPath = "";
			projectRoot = "";
			targets = (
				5ED399C21E67B68A005BE061 /* Momocha */,
			);
		};
/* End PBXProject section */

/* Begin PBXResourcesBuildPhase section */
		5ED399C11E67B68A005BE061 /* Resources */ = {
			isa = PBXResourcesBuildPhase;
			buildActionMask = 2147483647;
			files = (
				5ED399D11E67B68A005BE061 /* LaunchScreen.storyboard in Resources */,
				5ED399CE1E67B68A005BE061 /* Assets.xcassets in Resources */,
				5ED399CC1E67B68A005BE061 /* Main.storyboard in Resources */,
			);
			runOnlyForDeploymentPostprocessing = 0;
		};
/* End PBXResourcesBuildPhase section */

/* Begin PBXShellScriptBuildPhase section */
		738037FA618B9C167D9F997C /* [CP] Embed Pods Frameworks */ = {
			isa = PBXShellScriptBuildPhase;
			buildActionMask = 2147483647;
			files = (
			);
			inputPaths = (
			);
			name = "[CP] Embed Pods Frameworks";
			outputPaths = (
			);
			runOnlyForDeploymentPostprocessing = 0;
			shellPath = /bin/sh;
			shellScript = "\"${SRCROOT}/Pods/Target Support Files/Pods-Momocha/Pods-Momocha-frameworks.sh\"\n";
			showEnvVarsInLog = 0;
		};
		87DFCD7AE91E20739E3C6507 /* [CP] Check Pods Manifest.lock */ = {
			isa = PBXShellScriptBuildPhase;
			buildActionMask = 2147483647;
			files = (
			);
			inputPaths = (
			);
			name = "[CP] Check Pods Manifest.lock";
			outputPaths = (
			);
			runOnlyForDeploymentPostprocessing = 0;
			shellPath = /bin/sh;
			shellScript = "diff \"${PODS_ROOT}/../Podfile.lock\" \"${PODS_ROOT}/Manifest.lock\" > /dev/null\nif [ $? != 0 ] ; then\n    # print error to STDERR\n    echo \"error: The sandbox is not in sync with the Podfile.lock. Run 'pod install' or update your CocoaPods installation.\" >&2\n    exit 1\nfi\n";
			showEnvVarsInLog = 0;
		};
		8E484ECB704C87CDF88C4360 /* [CP] Copy Pods Resources */ = {
			isa = PBXShellScriptBuildPhase;
			buildActionMask = 2147483647;
			files = (
			);
			inputPaths = (
			);
			name = "[CP] Copy Pods Resources";
			outputPaths = (
			);
			runOnlyForDeploymentPostprocessing = 0;
			shellPath = /bin/sh;
			shellScript = "\"${SRCROOT}/Pods/Target Support Files/Pods-Momocha/Pods-Momocha-resources.sh\"\n";
			showEnvVarsInLog = 0;
		};
/* End PBXShellScriptBuildPhase section */

/* Begin PBXSourcesBuildPhase section */
		5ED399BF1E67B68A005BE061 /* Sources */ = {
			isa = PBXSourcesBuildPhase;
			buildActionMask = 2147483647;
			files = (
				5ED399C91E67B68A005BE061 /* ViewController.swift in Sources */,
				5ED399C71E67B68A005BE061 /* AppDelegate.swift in Sources */,
			);
			runOnlyForDeploymentPostprocessing = 0;
		};
/* End PBXSourcesBuildPhase section */

/* Begin PBXVariantGroup section */
		5ED399CA1E67B68A005BE061 /* Main.storyboard */ = {
			isa = PBXVariantGroup;
			children = (
				5ED399CB1E67B68A005BE061 /* Base */,
			);
			name = Main.storyboard;
			sourceTree = "<group>";
		};
		5ED399CF1E67B68A005BE061 /* LaunchScreen.storyboard */ = {
			isa = PBXVariantGroup;
			children = (
				5ED399D01E67B68A005BE061 /* Base */,
			);
			name = LaunchScreen.storyboard;
			sourceTree = "<group>";
		};
/* End PBXVariantGroup section */

/* Begin XCBuildConfiguration section */
		5ED399D31E67B68A005BE061 /* Debug */ = {
			isa = XCBuildConfiguration;
			buildSettings = {
				ALWAYS_SEARCH_USER_PATHS = NO;
				CLANG_ANALYZER_NONNULL = YES;
				CLANG_CXX_LANGUAGE_STANDARD = "gnu++0x";
				CLANG_CXX_LIBRARY = "libc++";
				CLANG_ENABLE_MODULES = YES;
				CLANG_ENABLE_OBJC_ARC = YES;
				CLANG_WARN_BOOL_CONVERSION = YES;
				CLANG_WARN_CONSTANT_CONVERSION = YES;
				CLANG_WARN_DIRECT_OBJC_ISA_USAGE = YES_ERROR;
				CLANG_WARN_DOCUMENTATION_COMMENTS = YES;
				CLANG_WARN_EMPTY_BODY = YES;
				CLANG_WARN_ENUM_CONVERSION = YES;
				CLANG_WARN_INFINITE_RECURSION = YES;
				CLANG_WARN_INT_CONVERSION = YES;
				CLANG_WARN_OBJC_ROOT_CLASS = YES_ERROR;
				CLANG_WARN_SUSPICIOUS_MOVE = YES;
				CLANG_WARN_UNREACHABLE_CODE = YES;
				CLANG_WARN__DUPLICATE_METHOD_MATCH = YES;
				"CODE_SIGN_IDENTITY[sdk=iphoneos*]" = "iPhone Developer";
				COPY_PHASE_STRIP = NO;
				DEBUG_INFORMATION_FORMAT = dwarf;
				ENABLE_STRICT_OBJC_MSGSEND = YES;
				ENABLE_TESTABILITY = YES;
				GCC_C_LANGUAGE_STANDARD = gnu99;
				GCC_DYNAMIC_NO_PIC = NO;
				GCC_NO_COMMON_BLOCKS = YES;
				GCC_OPTIMIZATION_LEVEL = 0;
				GCC_PREPROCESSOR_DEFINITIONS = (
					"DEBUG=1",
					"$(inherited)",
				);
				GCC_WARN_64_TO_32_BIT_CONVERSION = YES;
				GCC_WARN_ABOUT_RETURN_TYPE = YES_ERROR;
				GCC_WARN_UNDECLARED_SELECTOR = YES;
				GCC_WARN_UNINITIALIZED_AUTOS = YES_AGGRESSIVE;
				GCC_WARN_UNUSED_FUNCTION = YES;
				GCC_WARN_UNUSED_VARIABLE = YES;
				IPHONEOS_DEPLOYMENT_TARGET = 10.2;
				MTL_ENABLE_DEBUG_INFO = YES;
				ONLY_ACTIVE_ARCH = YES;
				SDKROOT = iphoneos;
				SWIFT_ACTIVE_COMPILATION_CONDITIONS = DEBUG;
				SWIFT_OPTIMIZATION_LEVEL = "-Onone";
				TARGETED_DEVICE_FAMILY = "1,2";
			};
			name = Debug;
		};
		5ED399D41E67B68A005BE061 /* Release */ = {
			isa = XCBuildConfiguration;
			buildSettings = {
				ALWAYS_SEARCH_USER_PATHS = NO;
				CLANG_ANALYZER_NONNULL = YES;
				CLANG_CXX_LANGUAGE_STANDARD = "gnu++0x";
				CLANG_CXX_LIBRARY = "libc++";
				CLANG_ENABLE_MODULES = YES;
				CLANG_ENABLE_OBJC_ARC = YES;
				CLANG_WARN_BOOL_CONVERSION = YES;
				CLANG_WARN_CONSTANT_CONVERSION = YES;
				CLANG_WARN_DIRECT_OBJC_ISA_USAGE = YES_ERROR;
				CLANG_WARN_DOCUMENTATION_COMMENTS = YES;
				CLANG_WARN_EMPTY_BODY = YES;
				CLANG_WARN_ENUM_CONVERSION = YES;
				CLANG_WARN_INFINITE_RECURSION = YES;
				CLANG_WARN_INT_CONVERSION = YES;
				CLANG_WARN_OBJC_ROOT_CLASS = YES_ERROR;
				CLANG_WARN_SUSPICIOUS_MOVE = YES;
				CLANG_WARN_UNREACHABLE_CODE = YES;
				CLANG_WARN__DUPLICATE_METHOD_MATCH = YES;
				"CODE_SIGN_IDENTITY[sdk=iphoneos*]" = "iPhone Developer";
				COPY_PHASE_STRIP = NO;
				DEBUG_INFORMATION_FORMAT = "dwarf-with-dsym";
				ENABLE_NS_ASSERTIONS = NO;
				ENABLE_STRICT_OBJC_MSGSEND = YES;
				GCC_C_LANGUAGE_STANDARD = gnu99;
				GCC_NO_COMMON_BLOCKS = YES;
				GCC_WARN_64_TO_32_BIT_CONVERSION = YES;
				GCC_WARN_ABOUT_RETURN_TYPE = YES_ERROR;
				GCC_WARN_UNDECLARED_SELECTOR = YES;
				GCC_WARN_UNINITIALIZED_AUTOS = YES_AGGRESSIVE;
				GCC_WARN_UNUSED_FUNCTION = YES;
				GCC_WARN_UNUSED_VARIABLE = YES;
				IPHONEOS_DEPLOYMENT_TARGET = 10.2;
				MTL_ENABLE_DEBUG_INFO = NO;
				SDKROOT = iphoneos;
				SWIFT_OPTIMIZATION_LEVEL = "-Owholemodule";
				TARGETED_DEVICE_FAMILY = "1,2";
				VALIDATE_PRODUCT = YES;
			};
			name = Release;
		};
		5ED399D61E67B68A005BE061 /* Debug */ = {
			isa = XCBuildConfiguration;
			baseConfigurationReference = DF2B39A4276D2FF606BE3292 /* Pods-Momocha.debug.xcconfig */;
			buildSettings = {
				ASSETCATALOG_COMPILER_APPICON_NAME = AppIcon;
				DEVELOPMENT_TEAM = K86KHC28SR;
				INFOPLIST_FILE = Momocha/Info.plist;
				LD_RUNPATH_SEARCH_PATHS = "$(inherited) @executable_path/Frameworks";
				PRODUCT_BUNDLE_IDENTIFIER = keemaapps.com.Momocha;
				PRODUCT_NAME = "$(TARGET_NAME)";
				SWIFT_VERSION = 3.0;
			};
			name = Debug;
		};
		5ED399D71E67B68A005BE061 /* Release */ = {
			isa = XCBuildConfiguration;
			baseConfigurationReference = 5CCB59AE9ABE46CA2D4D23D2 /* Pods-Momocha.release.xcconfig */;
			buildSettings = {
				ASSETCATALOG_COMPILER_APPICON_NAME = AppIcon;
				DEVELOPMENT_TEAM = K86KHC28SR;
				INFOPLIST_FILE = Momocha/Info.plist;
				LD_RUNPATH_SEARCH_PATHS = "$(inherited) @executable_path/Frameworks";
				PRODUCT_BUNDLE_IDENTIFIER = keemaapps.com.Momocha;
				PRODUCT_NAME = "$(TARGET_NAME)";
				SWIFT_VERSION = 3.0;
			};
			name = Release;
		};
/* End XCBuildConfiguration section */

/* Begin XCConfigurationList section */
		5ED399BE1E67B68A005BE061 /* Build configuration list for PBXProject "Momocha" */ = {
			isa = XCConfigurationList;
			buildConfigurations = (
				5ED399D31E67B68A005BE061 /* Debug */,
				5ED399D41E67B68A005BE061 /* Release */,
			);
			defaultConfigurationIsVisible = 0;
			defaultConfigurationName = Release;
		};
		5ED399D51E67B68A005BE061 /* Build configuration list for PBXNativeTarget "Momocha" */ = {
			isa = XCConfigurationList;
			buildConfigurations = (
				5ED399D61E67B68A005BE061 /* Debug */,
				5ED399D71E67B68A005BE061 /* Release */,
			);
			defaultConfigurationIsVisible = 0;
		};
/* End XCConfigurationList section */
	};
	rootObject = 5ED399BB1E67B68A005BE061 /* Project object */;
}
